
Microsoft Visual Studio Solution File, Format Version 12.00
# Visual Studio 15
VisualStudioVersion = 15.0.27703.2035
MinimumVisualStudioVersion = 10.0.40219.1
Project("{FAE04EC0-301F-11D3-BF4B-00C04F79EFBC}") = "Evento", "Evento\Evento.csproj", "{D158245E-B9B4-4D1D-9668-7483F0DEF3D0}"
EndProject
Global
	GlobalSection(SolutionConfigurationPlatforms) = preSolution
		Debug|Any CPU = Debug|Any CPU
		Release|Any CPU = Release|Any CPU
	EndGlobalSection
	GlobalSection(ProjectConfigurationPlatforms) = postSolution
		{D158245E-B9B4-4D1D-9668-7483F0DEF3D0}.Debug|Any CPU.ActiveCfg = Debug|Any CPU
		{D158245E-B9B4-4D1D-9668-7483F0DEF3D0}.Debug|Any CPU.Build.0 = Debug|Any CPU
		{D158245E-B9B4-4D1D-9668-7483F0DEF3D0}.Debug|Any CPU.Deploy.0 = Debug|Any CPU
		{D158245E-B9B4-4D1D-9668-7483F0DEF3D0}.Release|Any CPU.ActiveCfg = Release|Any CPU
		{D158245E-B9B4-4D1D-9668-7483F0DEF3D0}.Release|Any CPU.Build.0 = Release|Any CPU
		{D158245E-B9B4-4D1D-9668-7483F0DEF3D0}.Release|Any CPU.Deploy.0 = Release|Any CPU
	EndGlobalSection
	GlobalSection(SolutionProperties) = preSolution
		HideSolutionNode = FALSE
	EndGlobalSection
	GlobalSection(ExtensibilityGlobals) = postSolution
		SolutionGuid = {BD365C77-2E14-4AC0-8419-1042E1045F16}
	EndGlobalSection
EndGlobal
